// !$*UTF8*$!
{
	archiveVersion = 1;
	classes = {
	};
	objectVersion = 46;
	objects = {

/* Begin PBXBuildFile section */
		7C0089B21DCCC930000A6D38 /* FindLocationViewCintroller.swift in Sources */ = {isa = PBXBuildFile; fileRef = 7C0089B11DCCC930000A6D38 /* FindLocationViewCintroller.swift */; };
		7C0089B41DCCCDE6000A6D38 /* SetLinkViewController.swift in Sources */ = {isa = PBXBuildFile; fileRef = 7C0089B31DCCCDE6000A6D38 /* SetLinkViewController.swift */; };
		7C10D8CD1DB592BE0086DB9B /* TableViewController.swift in Sources */ = {isa = PBXBuildFile; fileRef = 7C10D8CC1DB592BE0086DB9B /* TableViewController.swift */; };
		7C10D8CF1DB594450086DB9B /* TabBarController.swift in Sources */ = {isa = PBXBuildFile; fileRef = 7C10D8CE1DB594450086DB9B /* TabBarController.swift */; };
		7C3D57101DDFB2A8003DFCAC /* UdacityClientMethods.swift in Sources */ = {isa = PBXBuildFile; fileRef = 7C3D570F1DDFB2A8003DFCAC /* UdacityClientMethods.swift */; };
		7C5C7B631DEE350A00FFA9DE /* TestDummy.swift in Sources */ = {isa = PBXBuildFile; fileRef = 7C5C7B621DEE350A00FFA9DE /* TestDummy.swift */; };
		7C5CBBB41DDBDD37009138E1 /* StudentInformation.swift in Sources */ = {isa = PBXBuildFile; fileRef = 7C5CBBB31DDBDD37009138E1 /* StudentInformation.swift */; };
		7C5CBBB61DDBDF17009138E1 /* DataCenter.swift in Sources */ = {isa = PBXBuildFile; fileRef = 7C5CBBB51DDBDF17009138E1 /* DataCenter.swift */; };
		7C6EE5431E005890002E86ED /* WebClient.swift in Sources */ = {isa = PBXBuildFile; fileRef = 7C6EE5421E005890002E86ED /* WebClient.swift */; };
		7C6EE5451E0066B3002E86ED /* StudentFullInfo.swift in Sources */ = {isa = PBXBuildFile; fileRef = 7C6EE5441E0066B3002E86ED /* StudentFullInfo.swift */; };
		7C884FE51DD1441200243C94 /* customTextFieldDelegate.swift in Sources */ = {isa = PBXBuildFile; fileRef = 7C884FE41DD1441200243C94 /* customTextFieldDelegate.swift */; };
		7C94096A1DB6D7EF0064A5A3 /* Helper.swift in Sources */ = {isa = PBXBuildFile; fileRef = 7C9409691DB6D7EF0064A5A3 /* Helper.swift */; };
		7C94E6241DDDEE32000DE109 /* Constants.swift in Sources */ = {isa = PBXBuildFile; fileRef = 7C94E6231DDDEE32000DE109 /* Constants.swift */; };
		7C94E6261DDDF5C6000DE109 /* UdacityClient.swift in Sources */ = {isa = PBXBuildFile; fileRef = 7C94E6251DDDF5C6000DE109 /* UdacityClient.swift */; };
		7CC651031DB2A54D00A5658E /* AppDelegate.swift in Sources */ = {isa = PBXBuildFile; fileRef = 7CC651021DB2A54D00A5658E /* AppDelegate.swift */; };
		7CC651081DB2A54E00A5658E /* Main.storyboard in Resources */ = {isa = PBXBuildFile; fileRef = 7CC651061DB2A54E00A5658E /* Main.storyboard */; };
		7CC6510A1DB2A54E00A5658E /* Assets.xcassets in Resources */ = {isa = PBXBuildFile; fileRef = 7CC651091DB2A54E00A5658E /* Assets.xcassets */; };
		7CC6510D1DB2A54E00A5658E /* LaunchScreen.storyboard in Resources */ = {isa = PBXBuildFile; fileRef = 7CC6510B1DB2A54E00A5658E /* LaunchScreen.storyboard */; };
		7CC651181DB2A54E00A5658E /* OnTheMapTests.swift in Sources */ = {isa = PBXBuildFile; fileRef = 7CC651171DB2A54E00A5658E /* OnTheMapTests.swift */; };
		7CC651231DB2A54E00A5658E /* OnTheMapUITests.swift in Sources */ = {isa = PBXBuildFile; fileRef = 7CC651221DB2A54E00A5658E /* OnTheMapUITests.swift */; };
		7CC651341DB2A5F700A5658E /* LoginViewController.swift in Sources */ = {isa = PBXBuildFile; fileRef = 7CC651331DB2A5F700A5658E /* LoginViewController.swift */; };
		7CC651361DB2CB5400A5658E /* MapViewController.swift in Sources */ = {isa = PBXBuildFile; fileRef = 7CC651351DB2CB5400A5658E /* MapViewController.swift */; };
/* End PBXBuildFile section */

/* Begin PBXContainerItemProxy section */
		7CC651141DB2A54E00A5658E /* PBXContainerItemProxy */ = {
			isa = PBXContainerItemProxy;
			containerPortal = 7CC650F71DB2A54D00A5658E /* Project object */;
			proxyType = 1;
			remoteGlobalIDString = 7CC650FE1DB2A54D00A5658E;
			remoteInfo = OnTheMap;
		};
		7CC6511F1DB2A54E00A5658E /* PBXContainerItemProxy */ = {
			isa = PBXContainerItemProxy;
			containerPortal = 7CC650F71DB2A54D00A5658E /* Project object */;
			proxyType = 1;
			remoteGlobalIDString = 7CC650FE1DB2A54D00A5658E;
			remoteInfo = OnTheMap;
		};
/* End PBXContainerItemProxy section */

/* Begin PBXFileReference section */
		7C0089B11DCCC930000A6D38 /* FindLocationViewCintroller.swift */ = {isa = PBXFileReference; fileEncoding = 4; lastKnownFileType = sourcecode.swift; path = FindLocationViewCintroller.swift; sourceTree = "<group>"; };
		7C0089B31DCCCDE6000A6D38 /* SetLinkViewController.swift */ = {isa = PBXFileReference; fileEncoding = 4; lastKnownFileType = sourcecode.swift; path = SetLinkViewController.swift; sourceTree = "<group>"; };
		7C10D8CC1DB592BE0086DB9B /* TableViewController.swift */ = {isa = PBXFileReference; fileEncoding = 4; lastKnownFileType = sourcecode.swift; path = TableViewController.swift; sourceTree = "<group>"; };
		7C10D8CE1DB594450086DB9B /* TabBarController.swift */ = {isa = PBXFileReference; fileEncoding = 4; lastKnownFileType = sourcecode.swift; path = TabBarController.swift; sourceTree = "<group>"; };
		7C3D570F1DDFB2A8003DFCAC /* UdacityClientMethods.swift */ = {isa = PBXFileReference; fileEncoding = 4; lastKnownFileType = sourcecode.swift; path = UdacityClientMethods.swift; sourceTree = "<group>"; };
		7C5C7B621DEE350A00FFA9DE /* TestDummy.swift */ = {isa = PBXFileReference; fileEncoding = 4; lastKnownFileType = sourcecode.swift; path = TestDummy.swift; sourceTree = "<group>"; };
		7C5CBBB31DDBDD37009138E1 /* StudentInformation.swift */ = {isa = PBXFileReference; fileEncoding = 4; lastKnownFileType = sourcecode.swift; path = StudentInformation.swift; sourceTree = "<group>"; };
		7C5CBBB51DDBDF17009138E1 /* DataCenter.swift */ = {isa = PBXFileReference; fileEncoding = 4; lastKnownFileType = sourcecode.swift; path = DataCenter.swift; sourceTree = "<group>"; };
		7C6EE5421E005890002E86ED /* WebClient.swift */ = {isa = PBXFileReference; fileEncoding = 4; lastKnownFileType = sourcecode.swift; path = WebClient.swift; sourceTree = "<group>"; };
		7C6EE5441E0066B3002E86ED /* StudentFullInfo.swift */ = {isa = PBXFileReference; fileEncoding = 4; lastKnownFileType = sourcecode.swift; name = StudentFullInfo.swift; path = ../StudentFullInfo.swift; sourceTree = "<group>"; };
		7C884FE41DD1441200243C94 /* customTextFieldDelegate.swift */ = {isa = PBXFileReference; fileEncoding = 4; lastKnownFileType = sourcecode.swift; path = customTextFieldDelegate.swift; sourceTree = "<group>"; };
		7C9409691DB6D7EF0064A5A3 /* Helper.swift */ = {isa = PBXFileReference; fileEncoding = 4; lastKnownFileType = sourcecode.swift; path = Helper.swift; sourceTree = "<group>"; };
		7C94E6231DDDEE32000DE109 /* Constants.swift */ = {isa = PBXFileReference; fileEncoding = 4; lastKnownFileType = sourcecode.swift; path = Constants.swift; sourceTree = "<group>"; };
		7C94E6251DDDF5C6000DE109 /* UdacityClient.swift */ = {isa = PBXFileReference; fileEncoding = 4; lastKnownFileType = sourcecode.swift; path = UdacityClient.swift; sourceTree = "<group>"; };
		7CC650FF1DB2A54D00A5658E /* OnTheMap.app */ = {isa = PBXFileReference; explicitFileType = wrapper.application; includeInIndex = 0; path = OnTheMap.app; sourceTree = BUILT_PRODUCTS_DIR; };
		7CC651021DB2A54D00A5658E /* AppDelegate.swift */ = {isa = PBXFileReference; lastKnownFileType = sourcecode.swift; path = AppDelegate.swift; sourceTree = "<group>"; };
		7CC651071DB2A54E00A5658E /* Base */ = {isa = PBXFileReference; lastKnownFileType = file.storyboard; name = Base; path = Base.lproj/Main.storyboard; sourceTree = "<group>"; };
		7CC651091DB2A54E00A5658E /* Assets.xcassets */ = {isa = PBXFileReference; lastKnownFileType = folder.assetcatalog; path = Assets.xcassets; sourceTree = "<group>"; };
		7CC6510C1DB2A54E00A5658E /* Base */ = {isa = PBXFileReference; lastKnownFileType = file.storyboard; name = Base; path = Base.lproj/LaunchScreen.storyboard; sourceTree = "<group>"; };
		7CC6510E1DB2A54E00A5658E /* Info.plist */ = {isa = PBXFileReference; lastKnownFileType = text.plist.xml; path = Info.plist; sourceTree = "<group>"; };
		7CC651131DB2A54E00A5658E /* OnTheMapTests.xctest */ = {isa = PBXFileReference; explicitFileType = wrapper.cfbundle; includeInIndex = 0; path = OnTheMapTests.xctest; sourceTree = BUILT_PRODUCTS_DIR; };
		7CC651171DB2A54E00A5658E /* OnTheMapTests.swift */ = {isa = PBXFileReference; lastKnownFileType = sourcecode.swift; path = OnTheMapTests.swift; sourceTree = "<group>"; };
		7CC651191DB2A54E00A5658E /* Info.plist */ = {isa = PBXFileReference; lastKnownFileType = text.plist.xml; path = Info.plist; sourceTree = "<group>"; };
		7CC6511E1DB2A54E00A5658E /* OnTheMapUITests.xctest */ = {isa = PBXFileReference; explicitFileType = wrapper.cfbundle; includeInIndex = 0; path = OnTheMapUITests.xctest; sourceTree = BUILT_PRODUCTS_DIR; };
		7CC651221DB2A54E00A5658E /* OnTheMapUITests.swift */ = {isa = PBXFileReference; lastKnownFileType = sourcecode.swift; path = OnTheMapUITests.swift; sourceTree = "<group>"; };
		7CC651241DB2A54E00A5658E /* Info.plist */ = {isa = PBXFileReference; lastKnownFileType = text.plist.xml; path = Info.plist; sourceTree = "<group>"; };
		7CC651331DB2A5F700A5658E /* LoginViewController.swift */ = {isa = PBXFileReference; fileEncoding = 4; lastKnownFileType = sourcecode.swift; path = LoginViewController.swift; sourceTree = "<group>"; };
		7CC651351DB2CB5400A5658E /* MapViewController.swift */ = {isa = PBXFileReference; fileEncoding = 4; lastKnownFileType = sourcecode.swift; path = MapViewController.swift; sourceTree = "<group>"; };
/* End PBXFileReference section */

/* Begin PBXFrameworksBuildPhase section */
		7CC650FC1DB2A54D00A5658E /* Frameworks */ = {
			isa = PBXFrameworksBuildPhase;
			buildActionMask = 2147483647;
			files = (
			);
			runOnlyForDeploymentPostprocessing = 0;
		};
		7CC651101DB2A54E00A5658E /* Frameworks */ = {
			isa = PBXFrameworksBuildPhase;
			buildActionMask = 2147483647;
			files = (
			);
			runOnlyForDeploymentPostprocessing = 0;
		};
		7CC6511B1DB2A54E00A5658E /* Frameworks */ = {
			isa = PBXFrameworksBuildPhase;
			buildActionMask = 2147483647;
			files = (
			);
			runOnlyForDeploymentPostprocessing = 0;
		};
/* End PBXFrameworksBuildPhase section */

/* Begin PBXGroup section */
		7C3D570D1DDFB204003DFCAC /* TabsRelated */ = {
			isa = PBXGroup;
			children = (
				7CC651351DB2CB5400A5658E /* MapViewController.swift */,
				7C10D8CE1DB594450086DB9B /* TabBarController.swift */,
				7C10D8CC1DB592BE0086DB9B /* TableViewController.swift */,
			);
			name = TabsRelated;
			sourceTree = "<group>";
		};
		7C3D570E1DDFB25A003DFCAC /* Web */ = {
			isa = PBXGroup;
			children = (
				7C94E6251DDDF5C6000DE109 /* UdacityClient.swift */,
				7C3D570F1DDFB2A8003DFCAC /* UdacityClientMethods.swift */,
				7C5C7B621DEE350A00FFA9DE /* TestDummy.swift */,
				7C6EE5421E005890002E86ED /* WebClient.swift */,
			);
			name = Web;
			sourceTree = "<group>";
		};
		7CC650F61DB2A54D00A5658E = {
			isa = PBXGroup;
			children = (
				7CC651011DB2A54D00A5658E /* OnTheMap */,
				7CC651161DB2A54E00A5658E /* OnTheMapTests */,
				7CC651211DB2A54E00A5658E /* OnTheMapUITests */,
				7CC651001DB2A54D00A5658E /* Products */,
			);
			sourceTree = "<group>";
		};
		7CC651001DB2A54D00A5658E /* Products */ = {
			isa = PBXGroup;
			children = (
				7CC650FF1DB2A54D00A5658E /* OnTheMap.app */,
				7CC651131DB2A54E00A5658E /* OnTheMapTests.xctest */,
				7CC6511E1DB2A54E00A5658E /* OnTheMapUITests.xctest */,
			);
			name = Products;
			sourceTree = "<group>";
		};
		7CC651011DB2A54D00A5658E /* OnTheMap */ = {
			isa = PBXGroup;
			children = (
				7CC651321DB2A57100A5658E /* Controller */,
				7CC651311DB2A56900A5658E /* View */,
				7CC651301DB2A56200A5658E /* Model */,
				7CC651021DB2A54D00A5658E /* AppDelegate.swift */,
				7CC651061DB2A54E00A5658E /* Main.storyboard */,
				7CC651091DB2A54E00A5658E /* Assets.xcassets */,
				7CC6510B1DB2A54E00A5658E /* LaunchScreen.storyboard */,
				7CC6510E1DB2A54E00A5658E /* Info.plist */,
				7C9409691DB6D7EF0064A5A3 /* Helper.swift */,
			);
			path = OnTheMap;
			sourceTree = "<group>";
		};
		7CC651161DB2A54E00A5658E /* OnTheMapTests */ = {
			isa = PBXGroup;
			children = (
				7CC651171DB2A54E00A5658E /* OnTheMapTests.swift */,
				7CC651191DB2A54E00A5658E /* Info.plist */,
			);
			path = OnTheMapTests;
			sourceTree = "<group>";
		};
		7CC651211DB2A54E00A5658E /* OnTheMapUITests */ = {
			isa = PBXGroup;
			children = (
				7CC651221DB2A54E00A5658E /* OnTheMapUITests.swift */,
				7CC651241DB2A54E00A5658E /* Info.plist */,
			);
			path = OnTheMapUITests;
			sourceTree = "<group>";
		};
		7CC651301DB2A56200A5658E /* Model */ = {
			isa = PBXGroup;
			children = (
				7C3D570E1DDFB25A003DFCAC /* Web */,
				7C5CBBB31DDBDD37009138E1 /* StudentInformation.swift */,
				7C5CBBB51DDBDF17009138E1 /* DataCenter.swift */,
				7C6EE5441E0066B3002E86ED /* StudentFullInfo.swift */,
				7C94E6231DDDEE32000DE109 /* Constants.swift */,
			);
			name = Model;
			sourceTree = "<group>";
		};
		7CC651311DB2A56900A5658E /* View */ = {
			isa = PBXGroup;
			children = (
				7C884FE41DD1441200243C94 /* customTextFieldDelegate.swift */,
			);
			name = View;
			sourceTree = "<group>";
		};
		7CC651321DB2A57100A5658E /* Controller */ = {
			isa = PBXGroup;
			children = (
				7C3D570D1DDFB204003DFCAC /* TabsRelated */,
				7CC651331DB2A5F700A5658E /* LoginViewController.swift */,
				7C0089B11DCCC930000A6D38 /* FindLocationViewCintroller.swift */,
				7C0089B31DCCCDE6000A6D38 /* SetLinkViewController.swift */,
			);
			name = Controller;
			sourceTree = "<group>";
		};
/* End PBXGroup section */

/* Begin PBXNativeTarget section */
		7CC650FE1DB2A54D00A5658E /* OnTheMap */ = {
			isa = PBXNativeTarget;
			buildConfigurationList = 7CC651271DB2A54E00A5658E /* Build configuration list for PBXNativeTarget "OnTheMap" */;
			buildPhases = (
				7CC650FB1DB2A54D00A5658E /* Sources */,
				7CC650FC1DB2A54D00A5658E /* Frameworks */,
				7CC650FD1DB2A54D00A5658E /* Resources */,
			);
			buildRules = (
			);
			dependencies = (
			);
			name = OnTheMap;
			productName = OnTheMap;
			productReference = 7CC650FF1DB2A54D00A5658E /* OnTheMap.app */;
			productType = "com.apple.product-type.application";
		};
		7CC651121DB2A54E00A5658E /* OnTheMapTests */ = {
			isa = PBXNativeTarget;
			buildConfigurationList = 7CC6512A1DB2A54E00A5658E /* Build configuration list for PBXNativeTarget "OnTheMapTests" */;
			buildPhases = (
				7CC6510F1DB2A54E00A5658E /* Sources */,
				7CC651101DB2A54E00A5658E /* Frameworks */,
				7CC651111DB2A54E00A5658E /* Resources */,
			);
			buildRules = (
			);
			dependencies = (
				7CC651151DB2A54E00A5658E /* PBXTargetDependency */,
			);
			name = OnTheMapTests;
			productName = OnTheMapTests;
			productReference = 7CC651131DB2A54E00A5658E /* OnTheMapTests.xctest */;
			productType = "com.apple.product-type.bundle.unit-test";
		};
		7CC6511D1DB2A54E00A5658E /* OnTheMapUITests */ = {
			isa = PBXNativeTarget;
			buildConfigurationList = 7CC6512D1DB2A54E00A5658E /* Build configuration list for PBXNativeTarget "OnTheMapUITests" */;
			buildPhases = (
				7CC6511A1DB2A54E00A5658E /* Sources */,
				7CC6511B1DB2A54E00A5658E /* Frameworks */,
				7CC6511C1DB2A54E00A5658E /* Resources */,
			);
			buildRules = (
			);
			dependencies = (
				7CC651201DB2A54E00A5658E /* PBXTargetDependency */,
			);
			name = OnTheMapUITests;
			productName = OnTheMapUITests;
			productReference = 7CC6511E1DB2A54E00A5658E /* OnTheMapUITests.xctest */;
			productType = "com.apple.product-type.bundle.ui-testing";
		};
/* End PBXNativeTarget section */

/* Begin PBXProject section */
		7CC650F71DB2A54D00A5658E /* Project object */ = {
			isa = PBXProject;
			attributes = {
				LastSwiftUpdateCheck = 0800;
				LastUpgradeCheck = 0800;
				ORGANIZATIONNAME = "Teodor Niżyński";
				TargetAttributes = {
					7CC650FE1DB2A54D00A5658E = {
						CreatedOnToolsVersion = 8.0;
						DevelopmentTeam = HGB3Q8WLH3;
						ProvisioningStyle = Automatic;
					};
					7CC651121DB2A54E00A5658E = {
						CreatedOnToolsVersion = 8.0;
						DevelopmentTeam = HGB3Q8WLH3;
						ProvisioningStyle = Automatic;
						TestTargetID = 7CC650FE1DB2A54D00A5658E;
					};
					7CC6511D1DB2A54E00A5658E = {
						CreatedOnToolsVersion = 8.0;
						DevelopmentTeam = HGB3Q8WLH3;
						ProvisioningStyle = Automatic;
						TestTargetID = 7CC650FE1DB2A54D00A5658E;
					};
				};
			};
			buildConfigurationList = 7CC650FA1DB2A54D00A5658E /* Build configuration list for PBXProject "OnTheMap" */;
			compatibilityVersion = "Xcode 3.2";
			developmentRegion = English;
			hasScannedForEncodings = 0;
			knownRegions = (
				en,
				Base,
			);
			mainGroup = 7CC650F61DB2A54D00A5658E;
			productRefGroup = 7CC651001DB2A54D00A5658E /* Products */;
			projectDirPath = "";
			projectRoot = "";
			targets = (
				7CC650FE1DB2A54D00A5658E /* OnTheMap */,
				7CC651121DB2A54E00A5658E /* OnTheMapTests */,
				7CC6511D1DB2A54E00A5658E /* OnTheMapUITests */,
			);
		};
/* End PBXProject section */

/* Begin PBXResourcesBuildPhase section */
		7CC650FD1DB2A54D00A5658E /* Resources */ = {
			isa = PBXResourcesBuildPhase;
			buildActionMask = 2147483647;
			files = (
				7CC6510D1DB2A54E00A5658E /* LaunchScreen.storyboard in Resources */,
				7CC6510A1DB2A54E00A5658E /* Assets.xcassets in Resources */,
				7CC651081DB2A54E00A5658E /* Main.storyboard in Resources */,
			);
			runOnlyForDeploymentPostprocessing = 0;
		};
		7CC651111DB2A54E00A5658E /* Resources */ = {
			isa = PBXResourcesBuildPhase;
			buildActionMask = 2147483647;
			files = (
			);
			runOnlyForDeploymentPostprocessing = 0;
		};
		7CC6511C1DB2A54E00A5658E /* Resources */ = {
			isa = PBXResourcesBuildPhase;
			buildActionMask = 2147483647;
			files = (
			);
			runOnlyForDeploymentPostprocessing = 0;
		};
/* End PBXResourcesBuildPhase section */

/* Begin PBXSourcesBuildPhase section */
		7CC650FB1DB2A54D00A5658E /* Sources */ = {
			isa = PBXSourcesBuildPhase;
			buildActionMask = 2147483647;
			files = (
				7C94E6261DDDF5C6000DE109 /* UdacityClient.swift in Sources */,
				7CC651341DB2A5F700A5658E /* LoginViewController.swift in Sources */,
				7C6EE5451E0066B3002E86ED /* StudentFullInfo.swift in Sources */,
				7C0089B41DCCCDE6000A6D38 /* SetLinkViewController.swift in Sources */,
				7C5CBBB61DDBDF17009138E1 /* DataCenter.swift in Sources */,
				7C0089B21DCCC930000A6D38 /* FindLocationViewCintroller.swift in Sources */,
				7C884FE51DD1441200243C94 /* customTextFieldDelegate.swift in Sources */,
				7C94096A1DB6D7EF0064A5A3 /* Helper.swift in Sources */,
				7C6EE5431E005890002E86ED /* WebClient.swift in Sources */,
				7C3D57101DDFB2A8003DFCAC /* UdacityClientMethods.swift in Sources */,
				7CC651031DB2A54D00A5658E /* AppDelegate.swift in Sources */,
				7C10D8CF1DB594450086DB9B /* TabBarController.swift in Sources */,
				7C5C7B631DEE350A00FFA9DE /* TestDummy.swift in Sources */,
				7C10D8CD1DB592BE0086DB9B /* TableViewController.swift in Sources */,
				7C5CBBB41DDBDD37009138E1 /* StudentInformation.swift in Sources */,
				7CC651361DB2CB5400A5658E /* MapViewController.swift in Sources */,
				7C94E6241DDDEE32000DE109 /* Constants.swift in Sources */,
			);
			runOnlyForDeploymentPostprocessing = 0;
		};
		7CC6510F1DB2A54E00A5658E /* Sources */ = {
			isa = PBXSourcesBuildPhase;
			buildActionMask = 2147483647;
			files = (
				7CC651181DB2A54E00A5658E /* OnTheMapTests.swift in Sources */,
			);
			runOnlyForDeploymentPostprocessing = 0;
		};
		7CC6511A1DB2A54E00A5658E /* Sources */ = {
			isa = PBXSourcesBuildPhase;
			buildActionMask = 2147483647;
			files = (
				7CC651231DB2A54E00A5658E /* OnTheMapUITests.swift in Sources */,
			);
			runOnlyForDeploymentPostprocessing = 0;
		};
/* End PBXSourcesBuildPhase section */

/* Begin PBXTargetDependency section */
		7CC651151DB2A54E00A5658E /* PBXTargetDependency */ = {
			isa = PBXTargetDependency;
			target = 7CC650FE1DB2A54D00A5658E /* OnTheMap */;
			targetProxy = 7CC651141DB2A54E00A5658E /* PBXContainerItemProxy */;
		};
		7CC651201DB2A54E00A5658E /* PBXTargetDependency */ = {
			isa = PBXTargetDependency;
			target = 7CC650FE1DB2A54D00A5658E /* OnTheMap */;
			targetProxy = 7CC6511F1DB2A54E00A5658E /* PBXContainerItemProxy */;
		};
/* End PBXTargetDependency section */

/* Begin PBXVariantGroup section */
		7CC651061DB2A54E00A5658E /* Main.storyboard */ = {
			isa = PBXVariantGroup;
			children = (
				7CC651071DB2A54E00A5658E /* Base */,
			);
			name = Main.storyboard;
			sourceTree = "<group>";
		};
		7CC6510B1DB2A54E00A5658E /* LaunchScreen.storyboard */ = {
			isa = PBXVariantGroup;
			children = (
				7CC6510C1DB2A54E00A5658E /* Base */,
			);
			name = LaunchScreen.storyboard;
			sourceTree = "<group>";
		};
/* End PBXVariantGroup section */

/* Begin XCBuildConfiguration section */
		7CC651251DB2A54E00A5658E /* Debug */ = {
			isa = XCBuildConfiguration;
			buildSettings = {
				ALWAYS_SEARCH_USER_PATHS = NO;
				CLANG_ANALYZER_NONNULL = YES;
				CLANG_CXX_LANGUAGE_STANDARD = "gnu++0x";
				CLANG_CXX_LIBRARY = "libc++";
				CLANG_ENABLE_MODULES = YES;
				CLANG_ENABLE_OBJC_ARC = YES;
				CLANG_WARN_BOOL_CONVERSION = YES;
				CLANG_WARN_CONSTANT_CONVERSION = YES;
				CLANG_WARN_DIRECT_OBJC_ISA_USAGE = YES_ERROR;
				CLANG_WARN_DOCUMENTATION_COMMENTS = YES;
				CLANG_WARN_EMPTY_BODY = YES;
				CLANG_WARN_ENUM_CONVERSION = YES;
				CLANG_WARN_INFINITE_RECURSION = YES;
				CLANG_WARN_INT_CONVERSION = YES;
				CLANG_WARN_OBJC_ROOT_CLASS = YES_ERROR;
				CLANG_WARN_SUSPICIOUS_MOVES = YES;
				CLANG_WARN_UNREACHABLE_CODE = YES;
				CLANG_WARN__DUPLICATE_METHOD_MATCH = YES;
				"CODE_SIGN_IDENTITY[sdk=iphoneos*]" = "iPhone Developer";
				COPY_PHASE_STRIP = NO;
				DEBUG_INFORMATION_FORMAT = dwarf;
				ENABLE_STRICT_OBJC_MSGSEND = YES;
				ENABLE_TESTABILITY = YES;
				GCC_C_LANGUAGE_STANDARD = gnu99;
				GCC_DYNAMIC_NO_PIC = NO;
				GCC_NO_COMMON_BLOCKS = YES;
				GCC_OPTIMIZATION_LEVEL = 0;
				GCC_PREPROCESSOR_DEFINITIONS = (
					"DEBUG=1",
					"$(inherited)",
				);
				GCC_WARN_64_TO_32_BIT_CONVERSION = YES;
				GCC_WARN_ABOUT_RETURN_TYPE = YES_ERROR;
				GCC_WARN_UNDECLARED_SELECTOR = YES;
				GCC_WARN_UNINITIALIZED_AUTOS = YES_AGGRESSIVE;
				GCC_WARN_UNUSED_FUNCTION = YES;
				GCC_WARN_UNUSED_VARIABLE = YES;
				IPHONEOS_DEPLOYMENT_TARGET = 10.0;
				MTL_ENABLE_DEBUG_INFO = YES;
				ONLY_ACTIVE_ARCH = YES;
				SDKROOT = iphoneos;
				SWIFT_ACTIVE_COMPILATION_CONDITIONS = DEBUG;
				SWIFT_OPTIMIZATION_LEVEL = "-Onone";
			};
			name = Debug;
		};
		7CC651261DB2A54E00A5658E /* Release */ = {
			isa = XCBuildConfiguration;
			buildSettings = {
				ALWAYS_SEARCH_USER_PATHS = NO;
				CLANG_ANALYZER_NONNULL = YES;
				CLANG_CXX_LANGUAGE_STANDARD = "gnu++0x";
				CLANG_CXX_LIBRARY = "libc++";
				CLANG_ENABLE_MODULES = YES;
				CLANG_ENABLE_OBJC_ARC = YES;
				CLANG_WARN_BOOL_CONVERSION = YES;
				CLANG_WARN_CONSTANT_CONVERSION = YES;
				CLANG_WARN_DIRECT_OBJC_ISA_USAGE = YES_ERROR;
				CLANG_WARN_DOCUMENTATION_COMMENTS = YES;
				CLANG_WARN_EMPTY_BODY = YES;
				CLANG_WARN_ENUM_CONVERSION = YES;
				CLANG_WARN_INFINITE_RECURSION = YES;
				CLANG_WARN_INT_CONVERSION = YES;
				CLANG_WARN_OBJC_ROOT_CLASS = YES_ERROR;
				CLANG_WARN_SUSPICIOUS_MOVES = YES;
				CLANG_WARN_UNREACHABLE_CODE = YES;
				CLANG_WARN__DUPLICATE_METHOD_MATCH = YES;
				"CODE_SIGN_IDENTITY[sdk=iphoneos*]" = "iPhone Developer";
				COPY_PHASE_STRIP = NO;
				DEBUG_INFORMATION_FORMAT = "dwarf-with-dsym";
				ENABLE_NS_ASSERTIONS = NO;
				ENABLE_STRICT_OBJC_MSGSEND = YES;
				GCC_C_LANGUAGE_STANDARD = gnu99;
				GCC_NO_COMMON_BLOCKS = YES;
				GCC_WARN_64_TO_32_BIT_CONVERSION = YES;
				GCC_WARN_ABOUT_RETURN_TYPE = YES_ERROR;
				GCC_WARN_UNDECLARED_SELECTOR = YES;
				GCC_WARN_UNINITIALIZED_AUTOS = YES_AGGRESSIVE;
				GCC_WARN_UNUSED_FUNCTION = YES;
				GCC_WARN_UNUSED_VARIABLE = YES;
				IPHONEOS_DEPLOYMENT_TARGET = 10.0;
				MTL_ENABLE_DEBUG_INFO = NO;
				SDKROOT = iphoneos;
				SWIFT_OPTIMIZATION_LEVEL = "-Owholemodule";
				VALIDATE_PRODUCT = YES;
			};
			name = Release;
		};
		7CC651281DB2A54E00A5658E /* Debug */ = {
			isa = XCBuildConfiguration;
			buildSettings = {
				ASSETCATALOG_COMPILER_APPICON_NAME = AppIcon;
				DEVELOPMENT_TEAM = HGB3Q8WLH3;
				INFOPLIST_FILE = OnTheMap/Info.plist;
				LD_RUNPATH_SEARCH_PATHS = "$(inherited) @executable_path/Frameworks";
				PRODUCT_BUNDLE_IDENTIFIER = com.dontKnowWhatToPutHere.OnTheMap;
				PRODUCT_NAME = "$(TARGET_NAME)";
				SWIFT_VERSION = 3.0;
			};
			name = Debug;
		};
		7CC651291DB2A54E00A5658E /* Release */ = {
			isa = XCBuildConfiguration;
			buildSettings = {
				ASSETCATALOG_COMPILER_APPICON_NAME = AppIcon;
				DEVELOPMENT_TEAM = HGB3Q8WLH3;
				INFOPLIST_FILE = OnTheMap/Info.plist;
				LD_RUNPATH_SEARCH_PATHS = "$(inherited) @executable_path/Frameworks";
				PRODUCT_BUNDLE_IDENTIFIER = com.dontKnowWhatToPutHere.OnTheMap;
				PRODUCT_NAME = "$(TARGET_NAME)";
				SWIFT_VERSION = 3.0;
			};
			name = Release;
		};
		7CC6512B1DB2A54E00A5658E /* Debug */ = {
			isa = XCBuildConfiguration;
			buildSettings = {
				ALWAYS_EMBED_SWIFT_STANDARD_LIBRARIES = YES;
				BUNDLE_LOADER = "$(TEST_HOST)";
				DEVELOPMENT_TEAM = HGB3Q8WLH3;
				INFOPLIST_FILE = OnTheMapTests/Info.plist;
				LD_RUNPATH_SEARCH_PATHS = "$(inherited) @executable_path/Frameworks @loader_path/Frameworks";
				PRODUCT_BUNDLE_IDENTIFIER = com.dontKnowWhatToPutHere.OnTheMapTests;
				PRODUCT_NAME = "$(TARGET_NAME)";
				SWIFT_VERSION = 3.0;
				TEST_HOST = "$(BUILT_PRODUCTS_DIR)/OnTheMap.app/OnTheMap";
			};
			name = Debug;
		};
		7CC6512C1DB2A54E00A5658E /* Release */ = {
			isa = XCBuildConfiguration;
			buildSettings = {
				ALWAYS_EMBED_SWIFT_STANDARD_LIBRARIES = YES;
				BUNDLE_LOADER = "$(TEST_HOST)";
				DEVELOPMENT_TEAM = HGB3Q8WLH3;
				INFOPLIST_FILE = OnTheMapTests/Info.plist;
				LD_RUNPATH_SEARCH_PATHS = "$(inherited) @executable_path/Frameworks @loader_path/Frameworks";
				PRODUCT_BUNDLE_IDENTIFIER = com.dontKnowWhatToPutHere.OnTheMapTests;
				PRODUCT_NAME = "$(TARGET_NAME)";
				SWIFT_VERSION = 3.0;
				TEST_HOST = "$(BUILT_PRODUCTS_DIR)/OnTheMap.app/OnTheMap";
			};
			name = Release;
		};
		7CC6512E1DB2A54E00A5658E /* Debug */ = {
			isa = XCBuildConfiguration;
			buildSettings = {
				ALWAYS_EMBED_SWIFT_STANDARD_LIBRARIES = YES;
				DEVELOPMENT_TEAM = HGB3Q8WLH3;
				INFOPLIST_FILE = OnTheMapUITests/Info.plist;
				LD_RUNPATH_SEARCH_PATHS = "$(inherited) @executable_path/Frameworks @loader_path/Frameworks";
				PRODUCT_BUNDLE_IDENTIFIER = com.dontKnowWhatToPutHere.OnTheMapUITests;
				PRODUCT_NAME = "$(TARGET_NAME)";
				SWIFT_VERSION = 3.0;
				TEST_TARGET_NAME = OnTheMap;
			};
			name = Debug;
		};
		7CC6512F1DB2A54E00A5658E /* Release */ = {
			isa = XCBuildConfiguration;
			buildSettings = {
				ALWAYS_EMBED_SWIFT_STANDARD_LIBRARIES = YES;
				DEVELOPMENT_TEAM = HGB3Q8WLH3;
				INFOPLIST_FILE = OnTheMapUITests/Info.plist;
				LD_RUNPATH_SEARCH_PATHS = "$(inherited) @executable_path/Frameworks @loader_path/Frameworks";
				PRODUCT_BUNDLE_IDENTIFIER = com.dontKnowWhatToPutHere.OnTheMapUITests;
				PRODUCT_NAME = "$(TARGET_NAME)";
				SWIFT_VERSION = 3.0;
				TEST_TARGET_NAME = OnTheMap;
			};
			name = Release;
		};
/* End XCBuildConfiguration section */

/* Begin XCConfigurationList section */
		7CC650FA1DB2A54D00A5658E /* Build configuration list for PBXProject "OnTheMap" */ = {
			isa = XCConfigurationList;
			buildConfigurations = (
				7CC651251DB2A54E00A5658E /* Debug */,
				7CC651261DB2A54E00A5658E /* Release */,
			);
			defaultConfigurationIsVisible = 0;
			defaultConfigurationName = Release;
		};
		7CC651271DB2A54E00A5658E /* Build configuration list for PBXNativeTarget "OnTheMap" */ = {
			isa = XCConfigurationList;
			buildConfigurations = (
				7CC651281DB2A54E00A5658E /* Debug */,
				7CC651291DB2A54E00A5658E /* Release */,
			);
			defaultConfigurationIsVisible = 0;
			defaultConfigurationName = Release;
		};
		7CC6512A1DB2A54E00A5658E /* Build configuration list for PBXNativeTarget "OnTheMapTests" */ = {
			isa = XCConfigurationList;
			buildConfigurations = (
				7CC6512B1DB2A54E00A5658E /* Debug */,
				7CC6512C1DB2A54E00A5658E /* Release */,
			);
			defaultConfigurationIsVisible = 0;
			defaultConfigurationName = Release;
		};
		7CC6512D1DB2A54E00A5658E /* Build configuration list for PBXNativeTarget "OnTheMapUITests" */ = {
			isa = XCConfigurationList;
			buildConfigurations = (
				7CC6512E1DB2A54E00A5658E /* Debug */,
				7CC6512F1DB2A54E00A5658E /* Release */,
			);
			defaultConfigurationIsVisible = 0;
			defaultConfigurationName = Release;
		};
/* End XCConfigurationList section */
	};
	rootObject = 7CC650F71DB2A54D00A5658E /* Project object */;
}
